
Microsoft Visual Studio Solution File, Format Version 12.00
# Visual Studio Version 16
VisualStudioVersion = 16.0.29926.136
MinimumVisualStudioVersion = 10.0.40219.1
Project("{FAE04EC0-301F-11D3-BF4B-00C04F79EFBC}") = "D_Invoke syscall", "D_Invoke syscall.csproj", "{E1059CA6-33B6-4B4C-9070-A09CD05B11B2}"
EndProject
Global
	GlobalSection(SolutionConfigurationPlatforms) = preSolution
		Debug|Any CPU = Debug|Any CPU
		Release|Any CPU = Release|Any CPU
	EndGlobalSection
	GlobalSection(ProjectConfigurationPlatforms) = postSolution
		{E1059CA6-33B6-4B4C-9070-A09CD05B11B2}.Debug|Any CPU.ActiveCfg = Debug|Any CPU
		{E1059CA6-33B6-4B4C-9070-A09CD05B11B2}.Debug|Any CPU.Build.0 = Debug|Any CPU
		{E1059CA6-33B6-4B4C-9070-A09CD05B11B2}.Release|Any CPU.ActiveCfg = Release|Any CPU
		{E1059CA6-33B6-4B4C-9070-A09CD05B11B2}.Release|Any CPU.Build.0 = Release|Any CPU
	EndGlobalSection
	GlobalSection(SolutionProperties) = preSolution
		HideSolutionNode = FALSE
	EndGlobalSection
	GlobalSection(ExtensibilityGlobals) = postSolution
		SolutionGuid = {B4629ECC-1B52-459C-B9AF-0A7904437F69}
	EndGlobalSection
EndGlobal
